github.com/bep/hugo-starter-tailwind-basic v1.0.0 h1:7Q3wHoxru4RHokScyEWK18csarY51+tevXWw0g3KVWY=
github.com/bep/hugo-starter-tailwind-basic/v2 v2.0.1 h1:++2Bmavm2LPUcES2bAxX3wL8q5N7tAJm9iTiIaLKBaQ=
github.com/bep/hugo-starter-tailwind-basic/v2 v2.0.1/go.mod h1:uskmdVlDfz8aTjohnPUlsAfs5qFFTyfivqwsWXaQvgA=
